
Microsoft Visual Studio Solution File, Format Version 12.00
# Visual Studio 15
VisualStudioVersion = 15.0.28307.572
MinimumVisualStudioVersion = 10.0.40219.1
Project("{FAE04EC0-301F-11D3-BF4B-00C04F79EFBC}") = "Task5", "Task5\Task5.csproj", "{E6F51C20-C795-4716-8541-BEC64E023CDE}"
EndProject
Project("{FAE04EC0-301F-11D3-BF4B-00C04F79EFBC}") = "BLL", "BLL\BLL.csproj", "{E7C922CE-18EC-4327-A63A-704881166752}"
EndProject
Project("{FAE04EC0-301F-11D3-BF4B-00C04F79EFBC}") = "DAL", "DAL\DAL.csproj", "{976025E9-C5BD-4EA2-9AEE-B7B14D710C9C}"
EndProject
Global
	GlobalSection(SolutionConfigurationPlatforms) = preSolution
		Debug|Any CPU = Debug|Any CPU
		Release|Any CPU = Release|Any CPU
	EndGlobalSection
	GlobalSection(ProjectConfigurationPlatforms) = postSolution
		{E6F51C20-C795-4716-8541-BEC64E023CDE}.Debug|Any CPU.ActiveCfg = Debug|Any CPU
		{E6F51C20-C795-4716-8541-BEC64E023CDE}.Debug|Any CPU.Build.0 = Debug|Any CPU
		{E6F51C20-C795-4716-8541-BEC64E023CDE}.Release|Any CPU.ActiveCfg = Release|Any CPU
		{E6F51C20-C795-4716-8541-BEC64E023CDE}.Release|Any CPU.Build.0 = Release|Any CPU
		{E7C922CE-18EC-4327-A63A-704881166752}.Debug|Any CPU.ActiveCfg = Debug|Any CPU
		{E7C922CE-18EC-4327-A63A-704881166752}.Debug|Any CPU.Build.0 = Debug|Any CPU
		{E7C922CE-18EC-4327-A63A-704881166752}.Release|Any CPU.ActiveCfg = Release|Any CPU
		{E7C922CE-18EC-4327-A63A-704881166752}.Release|Any CPU.Build.0 = Release|Any CPU
		{976025E9-C5BD-4EA2-9AEE-B7B14D710C9C}.Debug|Any CPU.ActiveCfg = Debug|Any CPU
		{976025E9-C5BD-4EA2-9AEE-B7B14D710C9C}.Debug|Any CPU.Build.0 = Debug|Any CPU
		{976025E9-C5BD-4EA2-9AEE-B7B14D710C9C}.Release|Any CPU.ActiveCfg = Release|Any CPU
		{976025E9-C5BD-4EA2-9AEE-B7B14D710C9C}.Release|Any CPU.Build.0 = Release|Any CPU
	EndGlobalSection
	GlobalSection(SolutionProperties) = preSolution
		HideSolutionNode = FALSE
	EndGlobalSection
	GlobalSection(ExtensibilityGlobals) = postSolution
		SolutionGuid = {8E1A2FC8-3FB9-4CE9-9072-AC8B64ECFA80}
	EndGlobalSection
EndGlobal
